// !$*UTF8*$!
{
	archiveVersion = 1;
	classes = {
	};
	objectVersion = 56;
	objects = {

/* Begin PBXBuildFile section */
		DE32CE1529A84BDB005FF081 /* Home.swift in Sources */ = {isa = PBXBuildFile; fileRef = DE32CE1429A84BDB005FF081 /* Home.swift */; };
		DE534A5E29A80F7A0080C956 /* AppApp.swift in Sources */ = {isa = PBXBuildFile; fileRef = DE534A5D29A80F7A0080C956 /* AppApp.swift */; };
		DE534A6029A80F7A0080C956 /* ContentView.swift in Sources */ = {isa = PBXBuildFile; fileRef = DE534A5F29A80F7A0080C956 /* ContentView.swift */; };
		DE534A6229A80F7B0080C956 /* Assets.xcassets in Resources */ = {isa = PBXBuildFile; fileRef = DE534A6129A80F7B0080C956 /* Assets.xcassets */; };
		DE534A6529A80F7B0080C956 /* Preview Assets.xcassets in Resources */ = {isa = PBXBuildFile; fileRef = DE534A6429A80F7B0080C956 /* Preview Assets.xcassets */; };
		DE534A6F29A80F7B0080C956 /* AppTests.swift in Sources */ = {isa = PBXBuildFile; fileRef = DE534A6E29A80F7B0080C956 /* AppTests.swift */; };
		DE534A7929A80F7B0080C956 /* AppUITests.swift in Sources */ = {isa = PBXBuildFile; fileRef = DE534A7829A80F7B0080C956 /* AppUITests.swift */; };
		DE534A7B29A80F7B0080C956 /* AppUITestsLaunchTests.swift in Sources */ = {isa = PBXBuildFile; fileRef = DE534A7A29A80F7B0080C956 /* AppUITestsLaunchTests.swift */; };
		DE534A8A29A82BA50080C956 /* GoogleService-Info.plist in Resources */ = {isa = PBXBuildFile; fileRef = DE534A8929A82BA50080C956 /* GoogleService-Info.plist */; };
		DE534A8D29A82E660080C956 /* FirebaseAuth in Frameworks */ = {isa = PBXBuildFile; productRef = DE534A8C29A82E660080C956 /* FirebaseAuth */; };
		DE534A8F29A82E660080C956 /* FirebaseFirestore in Frameworks */ = {isa = PBXBuildFile; productRef = DE534A8E29A82E660080C956 /* FirebaseFirestore */; };
		DE534A9129A82E660080C956 /* FirebaseStorage in Frameworks */ = {isa = PBXBuildFile; productRef = DE534A9029A82E660080C956 /* FirebaseStorage */; };
		DE534A9329A82F700080C956 /* AppDelegate.swift in Sources */ = {isa = PBXBuildFile; fileRef = DE534A9229A82F700080C956 /* AppDelegate.swift */; };
		DE534A9629A847E30080C956 /* FirebaseViewModel.swift in Sources */ = {isa = PBXBuildFile; fileRef = DE534A9529A847E30080C956 /* FirebaseViewModel.swift */; };
		DE7B6E0B29AD784C009A00C2 /* Login.swift in Sources */ = {isa = PBXBuildFile; fileRef = DE7B6E0A29AD784C009A00C2 /* Login.swift */; };
		DE7B6E0D29AEABB6009A00C2 /* SplashView.swift in Sources */ = {isa = PBXBuildFile; fileRef = DE7B6E0C29AEABB6009A00C2 /* SplashView.swift */; };
/* End PBXBuildFile section */

/* Begin PBXContainerItemProxy section */
		DE534A6B29A80F7B0080C956 /* PBXContainerItemProxy */ = {
			isa = PBXContainerItemProxy;
			containerPortal = DE534A5229A80F7A0080C956 /* Project object */;
			proxyType = 1;
			remoteGlobalIDString = DE534A5929A80F7A0080C956;
			remoteInfo = App;
		};
		DE534A7529A80F7B0080C956 /* PBXContainerItemProxy */ = {
			isa = PBXContainerItemProxy;
			containerPortal = DE534A5229A80F7A0080C956 /* Project object */;
			proxyType = 1;
			remoteGlobalIDString = DE534A5929A80F7A0080C956;
			remoteInfo = App;
		};
/* End PBXContainerItemProxy section */

/* Begin PBXFileReference section */
		DE32CE1429A84BDB005FF081 /* Home.swift */ = {isa = PBXFileReference; lastKnownFileType = sourcecode.swift; path = Home.swift; sourceTree = "<group>"; };
		DE534A5A29A80F7A0080C956 /* App.app */ = {isa = PBXFileReference; explicitFileType = wrapper.application; includeInIndex = 0; path = App.app; sourceTree = BUILT_PRODUCTS_DIR; };
		DE534A5D29A80F7A0080C956 /* AppApp.swift */ = {isa = PBXFileReference; lastKnownFileType = sourcecode.swift; path = AppApp.swift; sourceTree = "<group>"; };
		DE534A5F29A80F7A0080C956 /* ContentView.swift */ = {isa = PBXFileReference; lastKnownFileType = sourcecode.swift; path = ContentView.swift; sourceTree = "<group>"; };
		DE534A6129A80F7B0080C956 /* Assets.xcassets */ = {isa = PBXFileReference; lastKnownFileType = folder.assetcatalog; path = Assets.xcassets; sourceTree = "<group>"; };
		DE534A6429A80F7B0080C956 /* Preview Assets.xcassets */ = {isa = PBXFileReference; lastKnownFileType = folder.assetcatalog; path = "Preview Assets.xcassets"; sourceTree = "<group>"; };
		DE534A6A29A80F7B0080C956 /* AppTests.xctest */ = {isa = PBXFileReference; explicitFileType = wrapper.cfbundle; includeInIndex = 0; path = AppTests.xctest; sourceTree = BUILT_PRODUCTS_DIR; };
		DE534A6E29A80F7B0080C956 /* AppTests.swift */ = {isa = PBXFileReference; lastKnownFileType = sourcecode.swift; path = AppTests.swift; sourceTree = "<group>"; };
		DE534A7429A80F7B0080C956 /* AppUITests.xctest */ = {isa = PBXFileReference; explicitFileType = wrapper.cfbundle; includeInIndex = 0; path = AppUITests.xctest; sourceTree = BUILT_PRODUCTS_DIR; };
		DE534A7829A80F7B0080C956 /* AppUITests.swift */ = {isa = PBXFileReference; lastKnownFileType = sourcecode.swift; path = AppUITests.swift; sourceTree = "<group>"; };
		DE534A7A29A80F7B0080C956 /* AppUITestsLaunchTests.swift */ = {isa = PBXFileReference; lastKnownFileType = sourcecode.swift; path = AppUITestsLaunchTests.swift; sourceTree = "<group>"; };
		DE534A8929A82BA50080C956 /* GoogleService-Info.plist */ = {isa = PBXFileReference; fileEncoding = 4; lastKnownFileType = text.plist.xml; path = "GoogleService-Info.plist"; sourceTree = "<group>"; };
		DE534A9229A82F700080C956 /* AppDelegate.swift */ = {isa = PBXFileReference; lastKnownFileType = sourcecode.swift; path = AppDelegate.swift; sourceTree = "<group>"; };
		DE534A9529A847E30080C956 /* FirebaseViewModel.swift */ = {isa = PBXFileReference; lastKnownFileType = sourcecode.swift; path = FirebaseViewModel.swift; sourceTree = "<group>"; };
		DE7B6E0A29AD784C009A00C2 /* Login.swift */ = {isa = PBXFileReference; lastKnownFileType = sourcecode.swift; path = Login.swift; sourceTree = "<group>"; };
		DE7B6E0C29AEABB6009A00C2 /* SplashView.swift */ = {isa = PBXFileReference; lastKnownFileType = sourcecode.swift; path = SplashView.swift; sourceTree = "<group>"; };
/* End PBXFileReference section */

/* Begin PBXFrameworksBuildPhase section */
		DE534A5729A80F7A0080C956 /* Frameworks */ = {
			isa = PBXFrameworksBuildPhase;
			buildActionMask = 2147483647;
			files = (
				DE534A8D29A82E660080C956 /* FirebaseAuth in Frameworks */,
				DE534A8F29A82E660080C956 /* FirebaseFirestore in Frameworks */,
				DE534A9129A82E660080C956 /* FirebaseStorage in Frameworks */,
			);
			runOnlyForDeploymentPostprocessing = 0;
		};
		DE534A6729A80F7B0080C956 /* Frameworks */ = {
			isa = PBXFrameworksBuildPhase;
			buildActionMask = 2147483647;
			files = (
			);
			runOnlyForDeploymentPostprocessing = 0;
		};
		DE534A7129A80F7B0080C956 /* Frameworks */ = {
			isa = PBXFrameworksBuildPhase;
			buildActionMask = 2147483647;
			files = (
			);
			runOnlyForDeploymentPostprocessing = 0;
		};
/* End PBXFrameworksBuildPhase section */

/* Begin PBXGroup section */
		DE534A5129A80F7A0080C956 = {
			isa = PBXGroup;
			children = (
				DE534A5C29A80F7A0080C956 /* App */,
				DE534A6D29A80F7B0080C956 /* AppTests */,
				DE534A7729A80F7B0080C956 /* AppUITests */,
				DE534A5B29A80F7A0080C956 /* Products */,
			);
			sourceTree = "<group>";
		};
		DE534A5B29A80F7A0080C956 /* Products */ = {
			isa = PBXGroup;
			children = (
				DE534A5A29A80F7A0080C956 /* App.app */,
				DE534A6A29A80F7B0080C956 /* AppTests.xctest */,
				DE534A7429A80F7B0080C956 /* AppUITests.xctest */,
			);
			name = Products;
			sourceTree = "<group>";
		};
		DE534A5C29A80F7A0080C956 /* App */ = {
			isa = PBXGroup;
			children = (
				DE534A9729A84ADF0080C956 /* View */,
				DE534A9429A847AD0080C956 /* ViewModel */,
				DE534A5D29A80F7A0080C956 /* AppApp.swift */,
				DE534A5F29A80F7A0080C956 /* ContentView.swift */,
				DE534A8929A82BA50080C956 /* GoogleService-Info.plist */,
				DE534A6129A80F7B0080C956 /* Assets.xcassets */,
				DE534A6329A80F7B0080C956 /* Preview Content */,
				DE534A9229A82F700080C956 /* AppDelegate.swift */,
			);
			path = App;
			sourceTree = "<group>";
		};
		DE534A6329A80F7B0080C956 /* Preview Content */ = {
			isa = PBXGroup;
			children = (
				DE534A6429A80F7B0080C956 /* Preview Assets.xcassets */,
			);
			path = "Preview Content";
			sourceTree = "<group>";
		};
		DE534A6D29A80F7B0080C956 /* AppTests */ = {
			isa = PBXGroup;
			children = (
				DE534A6E29A80F7B0080C956 /* AppTests.swift */,
			);
			path = AppTests;
			sourceTree = "<group>";
		};
		DE534A7729A80F7B0080C956 /* AppUITests */ = {
			isa = PBXGroup;
			children = (
				DE534A7829A80F7B0080C956 /* AppUITests.swift */,
				DE534A7A29A80F7B0080C956 /* AppUITestsLaunchTests.swift */,
			);
			path = AppUITests;
			sourceTree = "<group>";
		};
		DE534A9429A847AD0080C956 /* ViewModel */ = {
			isa = PBXGroup;
			children = (
				DE534A9529A847E30080C956 /* FirebaseViewModel.swift */,
			);
			path = ViewModel;
			sourceTree = "<group>";
		};
		DE534A9729A84ADF0080C956 /* View */ = {
			isa = PBXGroup;
			children = (
				DE534A9829A84B000080C956 /* Elementos */,
				DE32CE1429A84BDB005FF081 /* Home.swift */,
				DE7B6E0A29AD784C009A00C2 /* Login.swift */,
				DE7B6E0C29AEABB6009A00C2 /* SplashView.swift */,
			);
			path = View;
			sourceTree = "<group>";
		};
		DE534A9829A84B000080C956 /* Elementos */ = {
			isa = PBXGroup;
			children = (
			);
			path = Elementos;
			sourceTree = "<group>";
		};
/* End PBXGroup section */

/* Begin PBXNativeTarget section */
		DE534A5929A80F7A0080C956 /* App */ = {
			isa = PBXNativeTarget;
			buildConfigurationList = DE534A7E29A80F7B0080C956 /* Build configuration list for PBXNativeTarget "App" */;
			buildPhases = (
				DE534A5629A80F7A0080C956 /* Sources */,
				DE534A5729A80F7A0080C956 /* Frameworks */,
				DE534A5829A80F7A0080C956 /* Resources */,
			);
			buildRules = (
			);
			dependencies = (
			);
			name = App;
			packageProductDependencies = (
				DE534A8C29A82E660080C956 /* FirebaseAuth */,
				DE534A8E29A82E660080C956 /* FirebaseFirestore */,
				DE534A9029A82E660080C956 /* FirebaseStorage */,
			);
			productName = App;
			productReference = DE534A5A29A80F7A0080C956 /* App.app */;
			productType = "com.apple.product-type.application";
		};
		DE534A6929A80F7B0080C956 /* AppTests */ = {
			isa = PBXNativeTarget;
			buildConfigurationList = DE534A8129A80F7B0080C956 /* Build configuration list for PBXNativeTarget "AppTests" */;
			buildPhases = (
				DE534A6629A80F7B0080C956 /* Sources */,
				DE534A6729A80F7B0080C956 /* Frameworks */,
				DE534A6829A80F7B0080C956 /* Resources */,
			);
			buildRules = (
			);
			dependencies = (
				DE534A6C29A80F7B0080C956 /* PBXTargetDependency */,
			);
			name = AppTests;
			productName = AppTests;
			productReference = DE534A6A29A80F7B0080C956 /* AppTests.xctest */;
			productType = "com.apple.product-type.bundle.unit-test";
		};
		DE534A7329A80F7B0080C956 /* AppUITests */ = {
			isa = PBXNativeTarget;
			buildConfigurationList = DE534A8429A80F7B0080C956 /* Build configuration list for PBXNativeTarget "AppUITests" */;
			buildPhases = (
				DE534A7029A80F7B0080C956 /* Sources */,
				DE534A7129A80F7B0080C956 /* Frameworks */,
				DE534A7229A80F7B0080C956 /* Resources */,
			);
			buildRules = (
			);
			dependencies = (
				DE534A7629A80F7B0080C956 /* PBXTargetDependency */,
			);
			name = AppUITests;
			productName = AppUITests;
			productReference = DE534A7429A80F7B0080C956 /* AppUITests.xctest */;
			productType = "com.apple.product-type.bundle.ui-testing";
		};
/* End PBXNativeTarget section */

/* Begin PBXProject section */
		DE534A5229A80F7A0080C956 /* Project object */ = {
			isa = PBXProject;
			attributes = {
				BuildIndependentTargetsInParallel = 1;
				LastSwiftUpdateCheck = 1420;
				LastUpgradeCheck = 1420;
				TargetAttributes = {
					DE534A5929A80F7A0080C956 = {
						CreatedOnToolsVersion = 14.2;
					};
					DE534A6929A80F7B0080C956 = {
						CreatedOnToolsVersion = 14.2;
						TestTargetID = DE534A5929A80F7A0080C956;
					};
					DE534A7329A80F7B0080C956 = {
						CreatedOnToolsVersion = 14.2;
						TestTargetID = DE534A5929A80F7A0080C956;
					};
				};
			};
			buildConfigurationList = DE534A5529A80F7A0080C956 /* Build configuration list for PBXProject "App" */;
			compatibilityVersion = "Xcode 14.0";
			developmentRegion = en;
			hasScannedForEncodings = 0;
			knownRegions = (
				en,
				Base,
			);
			mainGroup = DE534A5129A80F7A0080C956;
			packageReferences = (
				DE534A8B29A82E660080C956 /* XCRemoteSwiftPackageReference "firebase-ios-sdk" */,
			);
			productRefGroup = DE534A5B29A80F7A0080C956 /* Products */;
			projectDirPath = "";
			projectRoot = "";
			targets = (
				DE534A5929A80F7A0080C956 /* App */,
				DE534A6929A80F7B0080C956 /* AppTests */,
				DE534A7329A80F7B0080C956 /* AppUITests */,
			);
		};
/* End PBXProject section */

/* Begin PBXResourcesBuildPhase section */
		DE534A5829A80F7A0080C956 /* Resources */ = {
			isa = PBXResourcesBuildPhase;
			buildActionMask = 2147483647;
			files = (
				DE534A6529A80F7B0080C956 /* Preview Assets.xcassets in Resources */,
				DE534A6229A80F7B0080C956 /* Assets.xcassets in Resources */,
				DE534A8A29A82BA50080C956 /* GoogleService-Info.plist in Resources */,
			);
			runOnlyForDeploymentPostprocessing = 0;
		};
		DE534A6829A80F7B0080C956 /* Resources */ = {
			isa = PBXResourcesBuildPhase;
			buildActionMask = 2147483647;
			files = (
			);
			runOnlyForDeploymentPostprocessing = 0;
		};
		DE534A7229A80F7B0080C956 /* Resources */ = {
			isa = PBXResourcesBuildPhase;
			buildActionMask = 2147483647;
			files = (
			);
			runOnlyForDeploymentPostprocessing = 0;
		};
/* End PBXResourcesBuildPhase section */

/* Begin PBXSourcesBuildPhase section */
		DE534A5629A80F7A0080C956 /* Sources */ = {
			isa = PBXSourcesBuildPhase;
			buildActionMask = 2147483647;
			files = (
				DE534A9329A82F700080C956 /* AppDelegate.swift in Sources */,
				DE534A6029A80F7A0080C956 /* ContentView.swift in Sources */,
				DE534A5E29A80F7A0080C956 /* AppApp.swift in Sources */,
				DE7B6E0B29AD784C009A00C2 /* Login.swift in Sources */,
				DE32CE1529A84BDB005FF081 /* Home.swift in Sources */,
				DE534A9629A847E30080C956 /* FirebaseViewModel.swift in Sources */,
				DE7B6E0D29AEABB6009A00C2 /* SplashView.swift in Sources */,
			);
			runOnlyForDeploymentPostprocessing = 0;
		};
		DE534A6629A80F7B0080C956 /* Sources */ = {
			isa = PBXSourcesBuildPhase;
			buildActionMask = 2147483647;
			files = (
				DE534A6F29A80F7B0080C956 /* AppTests.swift in Sources */,
			);
			runOnlyForDeploymentPostprocessing = 0;
		};
		DE534A7029A80F7B0080C956 /* Sources */ = {
			isa = PBXSourcesBuildPhase;
			buildActionMask = 2147483647;
			files = (
				DE534A7B29A80F7B0080C956 /* AppUITestsLaunchTests.swift in Sources */,
				DE534A7929A80F7B0080C956 /* AppUITests.swift in Sources */,
			);
			runOnlyForDeploymentPostprocessing = 0;
		};
/* End PBXSourcesBuildPhase section */

/* Begin PBXTargetDependency section */
		DE534A6C29A80F7B0080C956 /* PBXTargetDependency */ = {
			isa = PBXTargetDependency;
			target = DE534A5929A80F7A0080C956 /* App */;
			targetProxy = DE534A6B29A80F7B0080C956 /* PBXContainerItemProxy */;
		};
		DE534A7629A80F7B0080C956 /* PBXTargetDependency */ = {
			isa = PBXTargetDependency;
			target = DE534A5929A80F7A0080C956 /* App */;
			targetProxy = DE534A7529A80F7B0080C956 /* PBXContainerItemProxy */;
		};
/* End PBXTargetDependency section */

/* Begin XCBuildConfiguration section */
		DE534A7C29A80F7B0080C956 /* Debug */ = {
			isa = XCBuildConfiguration;
			buildSettings = {
				ALWAYS_SEARCH_USER_PATHS = NO;
				CLANG_ANALYZER_NONNULL = YES;
				CLANG_ANALYZER_NUMBER_OBJECT_CONVERSION = YES_AGGRESSIVE;
				CLANG_CXX_LANGUAGE_STANDARD = "gnu++20";
				CLANG_ENABLE_MODULES = YES;
				CLANG_ENABLE_OBJC_ARC = YES;
				CLANG_ENABLE_OBJC_WEAK = YES;
				CLANG_WARN_BLOCK_CAPTURE_AUTORELEASING = YES;
				CLANG_WARN_BOOL_CONVERSION = YES;
				CLANG_WARN_COMMA = YES;
				CLANG_WARN_CONSTANT_CONVERSION = YES;
				CLANG_WARN_DEPRECATED_OBJC_IMPLEMENTATIONS = YES;
				CLANG_WARN_DIRECT_OBJC_ISA_USAGE = YES_ERROR;
				CLANG_WARN_DOCUMENTATION_COMMENTS = YES;
				CLANG_WARN_EMPTY_BODY = YES;
				CLANG_WARN_ENUM_CONVERSION = YES;
				CLANG_WARN_INFINITE_RECURSION = YES;
				CLANG_WARN_INT_CONVERSION = YES;
				CLANG_WARN_NON_LITERAL_NULL_CONVERSION = YES;
				CLANG_WARN_OBJC_IMPLICIT_RETAIN_SELF = YES;
				CLANG_WARN_OBJC_LITERAL_CONVERSION = YES;
				CLANG_WARN_OBJC_ROOT_CLASS = YES_ERROR;
				CLANG_WARN_QUOTED_INCLUDE_IN_FRAMEWORK_HEADER = YES;
				CLANG_WARN_RANGE_LOOP_ANALYSIS = YES;
				CLANG_WARN_STRICT_PROTOTYPES = YES;
				CLANG_WARN_SUSPICIOUS_MOVE = YES;
				CLANG_WARN_UNGUARDED_AVAILABILITY = YES_AGGRESSIVE;
				CLANG_WARN_UNREACHABLE_CODE = YES;
				CLANG_WARN__DUPLICATE_METHOD_MATCH = YES;
				COPY_PHASE_STRIP = NO;
				DEBUG_INFORMATION_FORMAT = dwarf;
				ENABLE_STRICT_OBJC_MSGSEND = YES;
				ENABLE_TESTABILITY = YES;
				GCC_C_LANGUAGE_STANDARD = gnu11;
				GCC_DYNAMIC_NO_PIC = NO;
				GCC_NO_COMMON_BLOCKS = YES;
				GCC_OPTIMIZATION_LEVEL = 0;
				GCC_PREPROCESSOR_DEFINITIONS = (
					"DEBUG=1",
					"$(inherited)",
				);
				GCC_WARN_64_TO_32_BIT_CONVERSION = YES;
				GCC_WARN_ABOUT_RETURN_TYPE = YES_ERROR;
				GCC_WARN_UNDECLARED_SELECTOR = YES;
				GCC_WARN_UNINITIALIZED_AUTOS = YES_AGGRESSIVE;
				GCC_WARN_UNUSED_FUNCTION = YES;
				GCC_WARN_UNUSED_VARIABLE = YES;
				IPHONEOS_DEPLOYMENT_TARGET = 16.2;
				MTL_ENABLE_DEBUG_INFO = INCLUDE_SOURCE;
				MTL_FAST_MATH = YES;
				ONLY_ACTIVE_ARCH = YES;
				SDKROOT = iphoneos;
				SWIFT_ACTIVE_COMPILATION_CONDITIONS = DEBUG;
				SWIFT_OPTIMIZATION_LEVEL = "-Onone";
			};
			name = Debug;
		};
		DE534A7D29A80F7B0080C956 /* Release */ = {
			isa = XCBuildConfiguration;
			buildSettings = {
				ALWAYS_SEARCH_USER_PATHS = NO;
				CLANG_ANALYZER_NONNULL = YES;
				CLANG_ANALYZER_NUMBER_OBJECT_CONVERSION = YES_AGGRESSIVE;
				CLANG_CXX_LANGUAGE_STANDARD = "gnu++20";
				CLANG_ENABLE_MODULES = YES;
				CLANG_ENABLE_OBJC_ARC = YES;
				CLANG_ENABLE_OBJC_WEAK = YES;
				CLANG_WARN_BLOCK_CAPTURE_AUTORELEASING = YES;
				CLANG_WARN_BOOL_CONVERSION = YES;
				CLANG_WARN_COMMA = YES;
				CLANG_WARN_CONSTANT_CONVERSION = YES;
				CLANG_WARN_DEPRECATED_OBJC_IMPLEMENTATIONS = YES;
				CLANG_WARN_DIRECT_OBJC_ISA_USAGE = YES_ERROR;
				CLANG_WARN_DOCUMENTATION_COMMENTS = YES;
				CLANG_WARN_EMPTY_BODY = YES;
				CLANG_WARN_ENUM_CONVERSION = YES;
				CLANG_WARN_INFINITE_RECURSION = YES;
				CLANG_WARN_INT_CONVERSION = YES;
				CLANG_WARN_NON_LITERAL_NULL_CONVERSION = YES;
				CLANG_WARN_OBJC_IMPLICIT_RETAIN_SELF = YES;
				CLANG_WARN_OBJC_LITERAL_CONVERSION = YES;
				CLANG_WARN_OBJC_ROOT_CLASS = YES_ERROR;
				CLANG_WARN_QUOTED_INCLUDE_IN_FRAMEWORK_HEADER = YES;
				CLANG_WARN_RANGE_LOOP_ANALYSIS = YES;
				CLANG_WARN_STRICT_PROTOTYPES = YES;
				CLANG_WARN_SUSPICIOUS_MOVE = YES;
				CLANG_WARN_UNGUARDED_AVAILABILITY = YES_AGGRESSIVE;
				CLANG_WARN_UNREACHABLE_CODE = YES;
				CLANG_WARN__DUPLICATE_METHOD_MATCH = YES;
				COPY_PHASE_STRIP = NO;
				DEBUG_INFORMATION_FORMAT = "dwarf-with-dsym";
				ENABLE_NS_ASSERTIONS = NO;
				ENABLE_STRICT_OBJC_MSGSEND = YES;
				GCC_C_LANGUAGE_STANDARD = gnu11;
				GCC_NO_COMMON_BLOCKS = YES;
				GCC_WARN_64_TO_32_BIT_CONVERSION = YES;
				GCC_WARN_ABOUT_RETURN_TYPE = YES_ERROR;
				GCC_WARN_UNDECLARED_SELECTOR = YES;
				GCC_WARN_UNINITIALIZED_AUTOS = YES_AGGRESSIVE;
				GCC_WARN_UNUSED_FUNCTION = YES;
				GCC_WARN_UNUSED_VARIABLE = YES;
				IPHONEOS_DEPLOYMENT_TARGET = 16.2;
				MTL_ENABLE_DEBUG_INFO = NO;
				MTL_FAST_MATH = YES;
				SDKROOT = iphoneos;
				SWIFT_COMPILATION_MODE = wholemodule;
				SWIFT_OPTIMIZATION_LEVEL = "-O";
				VALIDATE_PRODUCT = YES;
			};
			name = Release;
		};
		DE534A7F29A80F7B0080C956 /* Debug */ = {
			isa = XCBuildConfiguration;
			buildSettings = {
				ASSETCATALOG_COMPILER_APPICON_NAME = AppIcon;
				ASSETCATALOG_COMPILER_GLOBAL_ACCENT_COLOR_NAME = AccentColor;
				CODE_SIGN_STYLE = Automatic;
				CURRENT_PROJECT_VERSION = 1;
				DEVELOPMENT_ASSET_PATHS = "\"App/Preview Content\"";
				DEVELOPMENT_TEAM = 259QURDVD9;
				ENABLE_PREVIEWS = YES;
				GENERATE_INFOPLIST_FILE = YES;
				INFOPLIST_KEY_UIApplicationSceneManifest_Generation = YES;
				INFOPLIST_KEY_UIApplicationSupportsIndirectInputEvents = YES;
				INFOPLIST_KEY_UILaunchScreen_Generation = YES;
				INFOPLIST_KEY_UISupportedInterfaceOrientations_iPad = "UIInterfaceOrientationPortrait UIInterfaceOrientationPortraitUpsideDown UIInterfaceOrientationLandscapeLeft UIInterfaceOrientationLandscapeRight";
				INFOPLIST_KEY_UISupportedInterfaceOrientations_iPhone = "UIInterfaceOrientationPortrait UIInterfaceOrientationLandscapeLeft UIInterfaceOrientationLandscapeRight";
				LD_RUNPATH_SEARCH_PATHS = (
					"$(inherited)",
					"@executable_path/Frameworks",
				);
				MARKETING_VERSION = 1.0;
				PRODUCT_BUNDLE_IDENTIFIER = com.App;
				PRODUCT_NAME = "$(TARGET_NAME)";
				SWIFT_EMIT_LOC_STRINGS = YES;
				SWIFT_VERSION = 5.0;
				TARGETED_DEVICE_FAMILY = "1,2";
			};
			name = Debug;
		};
		DE534A8029A80F7B0080C956 /* Release */ = {
			isa = XCBuildConfiguration;
			buildSettings = {
				ASSETCATALOG_COMPILER_APPICON_NAME = AppIcon;
				ASSETCATALOG_COMPILER_GLOBAL_ACCENT_COLOR_NAME = AccentColor;
				CODE_SIGN_STYLE = Automatic;
				CURRENT_PROJECT_VERSION = 1;
				DEVELOPMENT_ASSET_PATHS = "\"App/Preview Content\"";
				DEVELOPMENT_TEAM = 259QURDVD9;
				ENABLE_PREVIEWS = YES;
				GENERATE_INFOPLIST_FILE = YES;
				INFOPLIST_KEY_UIApplicationSceneManifest_Generation = YES;
				INFOPLIST_KEY_UIApplicationSupportsIndirectInputEvents = YES;
				INFOPLIST_KEY_UILaunchScreen_Generation = YES;
				INFOPLIST_KEY_UISupportedInterfaceOrientations_iPad = "UIInterfaceOrientationPortrait UIInterfaceOrientationPortraitUpsideDown UIInterfaceOrientationLandscapeLeft UIInterfaceOrientationLandscapeRight";
				INFOPLIST_KEY_UISupportedInterfaceOrientations_iPhone = "UIInterfaceOrientationPortrait UIInterfaceOrientationLandscapeLeft UIInterfaceOrientationLandscapeRight";
				LD_RUNPATH_SEARCH_PATHS = (
					"$(inherited)",
					"@executable_path/Frameworks",
				);
				MARKETING_VERSION = 1.0;
				PRODUCT_BUNDLE_IDENTIFIER = com.App;
				PRODUCT_NAME = "$(TARGET_NAME)";
				SWIFT_EMIT_LOC_STRINGS = YES;
				SWIFT_VERSION = 5.0;
				TARGETED_DEVICE_FAMILY = "1,2";
			};
			name = Release;
		};
		DE534A8229A80F7B0080C956 /* Debug */ = {
			isa = XCBuildConfiguration;
			buildSettings = {
				ALWAYS_EMBED_SWIFT_STANDARD_LIBRARIES = YES;
				BUNDLE_LOADER = "$(TEST_HOST)";
				CODE_SIGN_STYLE = Automatic;
				CURRENT_PROJECT_VERSION = 1;
				DEVELOPMENT_TEAM = 259QURDVD9;
				GENERATE_INFOPLIST_FILE = YES;
				IPHONEOS_DEPLOYMENT_TARGET = 16.2;
				MARKETING_VERSION = 1.0;
				PRODUCT_BUNDLE_IDENTIFIER = com.AppTests;
				PRODUCT_NAME = "$(TARGET_NAME)";
				SWIFT_EMIT_LOC_STRINGS = NO;
				SWIFT_VERSION = 5.0;
				TARGETED_DEVICE_FAMILY = "1,2";
				TEST_HOST = "$(BUILT_PRODUCTS_DIR)/App.app/$(BUNDLE_EXECUTABLE_FOLDER_PATH)/App";
			};
			name = Debug;
		};
		DE534A8329A80F7B0080C956 /* Release */ = {
			isa = XCBuildConfiguration;
			buildSettings = {
				ALWAYS_EMBED_SWIFT_STANDARD_LIBRARIES = YES;
				BUNDLE_LOADER = "$(TEST_HOST)";
				CODE_SIGN_STYLE = Automatic;
				CURRENT_PROJECT_VERSION = 1;
				DEVELOPMENT_TEAM = 259QURDVD9;
				GENERATE_INFOPLIST_FILE = YES;
				IPHONEOS_DEPLOYMENT_TARGET = 16.2;
				MARKETING_VERSION = 1.0;
				PRODUCT_BUNDLE_IDENTIFIER = com.AppTests;
				PRODUCT_NAME = "$(TARGET_NAME)";
				SWIFT_EMIT_LOC_STRINGS = NO;
				SWIFT_VERSION = 5.0;
				TARGETED_DEVICE_FAMILY = "1,2";
				TEST_HOST = "$(BUILT_PRODUCTS_DIR)/App.app/$(BUNDLE_EXECUTABLE_FOLDER_PATH)/App";
			};
			name = Release;
		};
		DE534A8529A80F7B0080C956 /* Debug */ = {
			isa = XCBuildConfiguration;
			buildSettings = {
				ALWAYS_EMBED_SWIFT_STANDARD_LIBRARIES = YES;
				CODE_SIGN_STYLE = Automatic;
				CURRENT_PROJECT_VERSION = 1;
				DEVELOPMENT_TEAM = 259QURDVD9;
				GENERATE_INFOPLIST_FILE = YES;
				MARKETING_VERSION = 1.0;
				PRODUCT_BUNDLE_IDENTIFIER = com.AppUITests;
				PRODUCT_NAME = "$(TARGET_NAME)";
				SWIFT_EMIT_LOC_STRINGS = NO;
				SWIFT_VERSION = 5.0;
				TARGETED_DEVICE_FAMILY = "1,2";
				TEST_TARGET_NAME = App;
			};
			name = Debug;
		};
		DE534A8629A80F7B0080C956 /* Release */ = {
			isa = XCBuildConfiguration;
			buildSettings = {
				ALWAYS_EMBED_SWIFT_STANDARD_LIBRARIES = YES;
				CODE_SIGN_STYLE = Automatic;
				CURRENT_PROJECT_VERSION = 1;
				DEVELOPMENT_TEAM = 259QURDVD9;
				GENERATE_INFOPLIST_FILE = YES;
				MARKETING_VERSION = 1.0;
				PRODUCT_BUNDLE_IDENTIFIER = com.AppUITests;
				PRODUCT_NAME = "$(TARGET_NAME)";
				SWIFT_EMIT_LOC_STRINGS = NO;
				SWIFT_VERSION = 5.0;
				TARGETED_DEVICE_FAMILY = "1,2";
				TEST_TARGET_NAME = App;
			};
			name = Release;
		};
/* End XCBuildConfiguration section */

/* Begin XCConfigurationList section */
		DE534A5529A80F7A0080C956 /* Build configuration list for PBXProject "App" */ = {
			isa = XCConfigurationList;
			buildConfigurations = (
				DE534A7C29A80F7B0080C956 /* Debug */,
				DE534A7D29A80F7B0080C956 /* Release */,
			);
			defaultConfigurationIsVisible = 0;
			defaultConfigurationName = Release;
		};
		DE534A7E29A80F7B0080C956 /* Build configuration list for PBXNativeTarget "App" */ = {
			isa = XCConfigurationList;
			buildConfigurations = (
				DE534A7F29A80F7B0080C956 /* Debug */,
				DE534A8029A80F7B0080C956 /* Release */,
			);
			defaultConfigurationIsVisible = 0;
			defaultConfigurationName = Release;
		};
		DE534A8129A80F7B0080C956 /* Build configuration list for PBXNativeTarget "AppTests" */ = {
			isa = XCConfigurationList;
			buildConfigurations = (
				DE534A8229A80F7B0080C956 /* Debug */,
				DE534A8329A80F7B0080C956 /* Release */,
			);
			defaultConfigurationIsVisible = 0;
			defaultConfigurationName = Release;
		};
		DE534A8429A80F7B0080C956 /* Build configuration list for PBXNativeTarget "AppUITests" */ = {
			isa = XCConfigurationList;
			buildConfigurations = (
				DE534A8529A80F7B0080C956 /* Debug */,
				DE534A8629A80F7B0080C956 /* Release */,
			);
			defaultConfigurationIsVisible = 0;
			defaultConfigurationName = Release;
		};
/* End XCConfigurationList section */

/* Begin XCRemoteSwiftPackageReference section */
		DE534A8B29A82E660080C956 /* XCRemoteSwiftPackageReference "firebase-ios-sdk" */ = {
			isa = XCRemoteSwiftPackageReference;
			repositoryURL = "https://github.com/firebase/firebase-ios-sdk";
			requirement = {
				kind = upToNextMajorVersion;
				minimumVersion = 9.0.0;
			};
		};
/* End XCRemoteSwiftPackageReference section */

/* Begin XCSwiftPackageProductDependency section */
		DE534A8C29A82E660080C956 /* FirebaseAuth */ = {
			isa = XCSwiftPackageProductDependency;
			package = DE534A8B29A82E660080C956 /* XCRemoteSwiftPackageReference "firebase-ios-sdk" */;
			productName = FirebaseAuth;
		};
		DE534A8E29A82E660080C956 /* FirebaseFirestore */ = {
			isa = XCSwiftPackageProductDependency;
			package = DE534A8B29A82E660080C956 /* XCRemoteSwiftPackageReference "firebase-ios-sdk" */;
			productName = FirebaseFirestore;
		};
		DE534A9029A82E660080C956 /* FirebaseStorage */ = {
			isa = XCSwiftPackageProductDependency;
			package = DE534A8B29A82E660080C956 /* XCRemoteSwiftPackageReference "firebase-ios-sdk" */;
			productName = FirebaseStorage;
		};
/* End XCSwiftPackageProductDependency section */
	};
	rootObject = DE534A5229A80F7A0080C956 /* Project object */;
}
